
Microsoft Visual Studio Solution File, Format Version 12.00
# Visual Studio Version 17
VisualStudioVersion = 17.3.32819.101
MinimumVisualStudioVersion = 10.0.40219.1
Project("{FAE04EC0-301F-11D3-BF4B-00C04F79EFBC}") = "uppgift 6.1", "uppgift 6.1\uppgift 6.1.csproj", "{CC3C490A-A5EF-404C-BD7F-4440E23255B9}"
EndProject
Global
	GlobalSection(SolutionConfigurationPlatforms) = preSolution
		Debug|Any CPU = Debug|Any CPU
		Release|Any CPU = Release|Any CPU
	EndGlobalSection
	GlobalSection(ProjectConfigurationPlatforms) = postSolution
		{CC3C490A-A5EF-404C-BD7F-4440E23255B9}.Debug|Any CPU.ActiveCfg = Debug|Any CPU
		{CC3C490A-A5EF-404C-BD7F-4440E23255B9}.Debug|Any CPU.Build.0 = Debug|Any CPU
		{CC3C490A-A5EF-404C-BD7F-4440E23255B9}.Release|Any CPU.ActiveCfg = Release|Any CPU
		{CC3C490A-A5EF-404C-BD7F-4440E23255B9}.Release|Any CPU.Build.0 = Release|Any CPU
	EndGlobalSection
	GlobalSection(SolutionProperties) = preSolution
		HideSolutionNode = FALSE
	EndGlobalSection
	GlobalSection(ExtensibilityGlobals) = postSolution
		SolutionGuid = {06DAF0E4-D6DB-41AD-BE9A-56B45C17F3BD}
	EndGlobalSection
EndGlobal
